// !$*UTF8*$!
{
	archiveVersion = 1;
	classes = {
	};
	objectVersion = 46;
	objects = {

/* Begin PBXBuildFile section */
		9BA7496D1C9FEF5D0050FDCE /* AppDelegate.swift in Sources */ = {isa = PBXBuildFile; fileRef = 9BA7496C1C9FEF5D0050FDCE /* AppDelegate.swift */; };
		9BA7496F1C9FEF5D0050FDCE /* ViewController.swift in Sources */ = {isa = PBXBuildFile; fileRef = 9BA7496E1C9FEF5D0050FDCE /* ViewController.swift */; };
		9BA749721C9FEF5D0050FDCE /* Main.storyboard in Resources */ = {isa = PBXBuildFile; fileRef = 9BA749701C9FEF5D0050FDCE /* Main.storyboard */; };
		9BA749741C9FEF5D0050FDCE /* Assets.xcassets in Resources */ = {isa = PBXBuildFile; fileRef = 9BA749731C9FEF5D0050FDCE /* Assets.xcassets */; };
		9BA749771C9FEF5D0050FDCE /* LaunchScreen.storyboard in Resources */ = {isa = PBXBuildFile; fileRef = 9BA749751C9FEF5D0050FDCE /* LaunchScreen.storyboard */; };
		9BA749821C9FEF8B0050FDCE /* ColorExtension.swift in Sources */ = {isa = PBXBuildFile; fileRef = 9BA7497F1C9FEF8B0050FDCE /* ColorExtension.swift */; };
		9BA749831C9FEF8B0050FDCE /* DateExtension.swift in Sources */ = {isa = PBXBuildFile; fileRef = 9BA749801C9FEF8B0050FDCE /* DateExtension.swift */; };
/* End PBXBuildFile section */

/* Begin PBXFileReference section */
		9BA749691C9FEF5D0050FDCE /* AppFoundationCodeSwift.app */ = {isa = PBXFileReference; explicitFileType = wrapper.application; includeInIndex = 0; path = AppFoundationCodeSwift.app; sourceTree = BUILT_PRODUCTS_DIR; };
		9BA7496C1C9FEF5D0050FDCE /* AppDelegate.swift */ = {isa = PBXFileReference; lastKnownFileType = sourcecode.swift; path = AppDelegate.swift; sourceTree = "<group>"; };
		9BA7496E1C9FEF5D0050FDCE /* ViewController.swift */ = {isa = PBXFileReference; lastKnownFileType = sourcecode.swift; path = ViewController.swift; sourceTree = "<group>"; };
		9BA749711C9FEF5D0050FDCE /* Base */ = {isa = PBXFileReference; lastKnownFileType = file.storyboard; name = Base; path = Base.lproj/Main.storyboard; sourceTree = "<group>"; };
		9BA749731C9FEF5D0050FDCE /* Assets.xcassets */ = {isa = PBXFileReference; lastKnownFileType = folder.assetcatalog; path = Assets.xcassets; sourceTree = "<group>"; };
		9BA749761C9FEF5D0050FDCE /* Base */ = {isa = PBXFileReference; lastKnownFileType = file.storyboard; name = Base; path = Base.lproj/LaunchScreen.storyboard; sourceTree = "<group>"; };
		9BA749781C9FEF5D0050FDCE /* Info.plist */ = {isa = PBXFileReference; lastKnownFileType = text.plist.xml; path = Info.plist; sourceTree = "<group>"; };
		9BA7497F1C9FEF8B0050FDCE /* ColorExtension.swift */ = {isa = PBXFileReference; fileEncoding = 4; lastKnownFileType = sourcecode.swift; path = ColorExtension.swift; sourceTree = "<group>"; };
		9BA749801C9FEF8B0050FDCE /* DateExtension.swift */ = {isa = PBXFileReference; fileEncoding = 4; lastKnownFileType = sourcecode.swift; path = DateExtension.swift; sourceTree = "<group>"; };
/* End PBXFileReference section */

/* Begin PBXFrameworksBuildPhase section */
		9BA749661C9FEF5D0050FDCE /* Frameworks */ = {
			isa = PBXFrameworksBuildPhase;
			buildActionMask = 2147483647;
			files = (
			);
			runOnlyForDeploymentPostprocessing = 0;
		};
/* End PBXFrameworksBuildPhase section */

/* Begin PBXGroup section */
		9BA749601C9FEF5D0050FDCE = {
			isa = PBXGroup;
			children = (
				9BA7496B1C9FEF5D0050FDCE /* AppFoundationCodeSwift */,
				9BA7496A1C9FEF5D0050FDCE /* Products */,
			);
			sourceTree = "<group>";
		};
		9BA7496A1C9FEF5D0050FDCE /* Products */ = {
			isa = PBXGroup;
			children = (
				9BA749691C9FEF5D0050FDCE /* AppFoundationCodeSwift.app */,
			);
			name = Products;
			sourceTree = "<group>";
		};
		9BA7496B1C9FEF5D0050FDCE /* AppFoundationCodeSwift */ = {
			isa = PBXGroup;
			children = (
				9BA7497E1C9FEF800050FDCE /* Extension */,
				9BA7496C1C9FEF5D0050FDCE /* AppDelegate.swift */,
				9BA7496E1C9FEF5D0050FDCE /* ViewController.swift */,
				9BA749701C9FEF5D0050FDCE /* Main.storyboard */,
				9BA749731C9FEF5D0050FDCE /* Assets.xcassets */,
				9BA749751C9FEF5D0050FDCE /* LaunchScreen.storyboard */,
				9BA749781C9FEF5D0050FDCE /* Info.plist */,
			);
			path = AppFoundationCodeSwift;
			sourceTree = "<group>";
		};
		9BA7497E1C9FEF800050FDCE /* Extension */ = {
			isa = PBXGroup;
			children = (
				9BA7497F1C9FEF8B0050FDCE /* ColorExtension.swift */,
				9BA749801C9FEF8B0050FDCE /* DateExtension.swift */,
			);
			path = Extension;
			sourceTree = "<group>";
		};
/* End PBXGroup section */

/* Begin PBXNativeTarget section */
		9BA749681C9FEF5D0050FDCE /* AppFoundationCodeSwift */ = {
			isa = PBXNativeTarget;
			buildConfigurationList = 9BA7497B1C9FEF5D0050FDCE /* Build configuration list for PBXNativeTarget "AppFoundationCodeSwift" */;
			buildPhases = (
				9BA749651C9FEF5D0050FDCE /* Sources */,
				9BA749661C9FEF5D0050FDCE /* Frameworks */,
				9BA749671C9FEF5D0050FDCE /* Resources */,
			);
			buildRules = (
			);
			dependencies = (
			);
			name = AppFoundationCodeSwift;
			productName = AppFoundationCodeSwift;
			productReference = 9BA749691C9FEF5D0050FDCE /* AppFoundationCodeSwift.app */;
			productType = "com.apple.product-type.application";
		};
/* End PBXNativeTarget section */

/* Begin PBXProject section */
		9BA749611C9FEF5D0050FDCE /* Project object */ = {
			isa = PBXProject;
			attributes = {
				LastSwiftUpdateCheck = 0720;
				LastUpgradeCheck = 0720;
				ORGANIZATIONNAME = erickson;
				TargetAttributes = {
					9BA749681C9FEF5D0050FDCE = {
						CreatedOnToolsVersion = 7.2.1;
					};
				};
			};
			buildConfigurationList = 9BA749641C9FEF5D0050FDCE /* Build configuration list for PBXProject "AppFoundationCodeSwift" */;
			compatibilityVersion = "Xcode 3.2";
			developmentRegion = English;
			hasScannedForEncodings = 0;
			knownRegions = (
				en,
				Base,
			);
			mainGroup = 9BA749601C9FEF5D0050FDCE;
			productRefGroup = 9BA7496A1C9FEF5D0050FDCE /* Products */;
			projectDirPath = "";
			projectRoot = "";
			targets = (
				9BA749681C9FEF5D0050FDCE /* AppFoundationCodeSwift */,
			);
		};
/* End PBXProject section */

/* Begin PBXResourcesBuildPhase section */
		9BA749671C9FEF5D0050FDCE /* Resources */ = {
			isa = PBXResourcesBuildPhase;
			buildActionMask = 2147483647;
			files = (
				9BA749771C9FEF5D0050FDCE /* LaunchScreen.storyboard in Resources */,
				9BA749741C9FEF5D0050FDCE /* Assets.xcassets in Resources */,
				9BA749721C9FEF5D0050FDCE /* Main.storyboard in Resources */,
			);
			runOnlyForDeploymentPostprocessing = 0;
		};
/* End PBXResourcesBuildPhase section */

/* Begin PBXSourcesBuildPhase section */
		9BA749651C9FEF5D0050FDCE /* Sources */ = {
			isa = PBXSourcesBuildPhase;
			buildActionMask = 2147483647;
			files = (
				9BA749821C9FEF8B0050FDCE /* ColorExtension.swift in Sources */,
				9BA749831C9FEF8B0050FDCE /* DateExtension.swift in Sources */,
				9BA7496F1C9FEF5D0050FDCE /* ViewController.swift in Sources */,
				9BA7496D1C9FEF5D0050FDCE /* AppDelegate.swift in Sources */,
			);
			runOnlyForDeploymentPostprocessing = 0;
		};
/* End PBXSourcesBuildPhase section */

/* Begin PBXVariantGroup section */
		9BA749701C9FEF5D0050FDCE /* Main.storyboard */ = {
			isa = PBXVariantGroup;
			children = (
				9BA749711C9FEF5D0050FDCE /* Base */,
			);
			name = Main.storyboard;
			sourceTree = "<group>";
		};
		9BA749751C9FEF5D0050FDCE /* LaunchScreen.storyboard */ = {
			isa = PBXVariantGroup;
			children = (
				9BA749761C9FEF5D0050FDCE /* Base */,
			);
			name = LaunchScreen.storyboard;
			sourceTree = "<group>";
		};
/* End PBXVariantGroup section */

/* Begin XCBuildConfiguration section */
		9BA749791C9FEF5D0050FDCE /* Debug */ = {
			isa = XCBuildConfiguration;
			buildSettings = {
				ALWAYS_SEARCH_USER_PATHS = NO;
				CLANG_CXX_LANGUAGE_STANDARD = "gnu++0x";
				CLANG_CXX_LIBRARY = "libc++";
				CLANG_ENABLE_MODULES = YES;
				CLANG_ENABLE_OBJC_ARC = YES;
				CLANG_WARN_BOOL_CONVERSION = YES;
				CLANG_WARN_CONSTANT_CONVERSION = YES;
				CLANG_WARN_DIRECT_OBJC_ISA_USAGE = YES_ERROR;
				CLANG_WARN_EMPTY_BODY = YES;
				CLANG_WARN_ENUM_CONVERSION = YES;
				CLANG_WARN_INT_CONVERSION = YES;
				CLANG_WARN_OBJC_ROOT_CLASS = YES_ERROR;
				CLANG_WARN_UNREACHABLE_CODE = YES;
				CLANG_WARN__DUPLICATE_METHOD_MATCH = YES;
				"CODE_SIGN_IDENTITY[sdk=iphoneos*]" = "iPhone Developer";
				COPY_PHASE_STRIP = NO;
				DEBUG_INFORMATION_FORMAT = dwarf;
				ENABLE_STRICT_OBJC_MSGSEND = YES;
				ENABLE_TESTABILITY = YES;
				GCC_C_LANGUAGE_STANDARD = gnu99;
				GCC_DYNAMIC_NO_PIC = NO;
				GCC_NO_COMMON_BLOCKS = YES;
				GCC_OPTIMIZATION_LEVEL = 0;
				GCC_PREPROCESSOR_DEFINITIONS = (
					"DEBUG=1",
					"$(inherited)",
				);
				GCC_WARN_64_TO_32_BIT_CONVERSION = YES;
				GCC_WARN_ABOUT_RETURN_TYPE = YES_ERROR;
				GCC_WARN_UNDECLARED_SELECTOR = YES;
				GCC_WARN_UNINITIALIZED_AUTOS = YES_AGGRESSIVE;
				GCC_WARN_UNUSED_FUNCTION = YES;
				GCC_WARN_UNUSED_VARIABLE = YES;
				IPHONEOS_DEPLOYMENT_TARGET = 9.2;
				MTL_ENABLE_DEBUG_INFO = YES;
				ONLY_ACTIVE_ARCH = YES;
				SDKROOT = iphoneos;
				SWIFT_OPTIMIZATION_LEVEL = "-Onone";
			};
			name = Debug;
		};
		9BA7497A1C9FEF5D0050FDCE /* Release */ = {
			isa = XCBuildConfiguration;
			buildSettings = {
				ALWAYS_SEARCH_USER_PATHS = NO;
				CLANG_CXX_LANGUAGE_STANDARD = "gnu++0x";
				CLANG_CXX_LIBRARY = "libc++";
				CLANG_ENABLE_MODULES = YES;
				CLANG_ENABLE_OBJC_ARC = YES;
				CLANG_WARN_BOOL_CONVERSION = YES;
				CLANG_WARN_CONSTANT_CONVERSION = YES;
				CLANG_WARN_DIRECT_OBJC_ISA_USAGE = YES_ERROR;
				CLANG_WARN_EMPTY_BODY = YES;
				CLANG_WARN_ENUM_CONVERSION = YES;
				CLANG_WARN_INT_CONVERSION = YES;
				CLANG_WARN_OBJC_ROOT_CLASS = YES_ERROR;
				CLANG_WARN_UNREACHABLE_CODE = YES;
				CLANG_WARN__DUPLICATE_METHOD_MATCH = YES;
				"CODE_SIGN_IDENTITY[sdk=iphoneos*]" = "iPhone Developer";
				COPY_PHASE_STRIP = NO;
				DEBUG_INFORMATION_FORMAT = "dwarf-with-dsym";
				ENABLE_NS_ASSERTIONS = NO;
				ENABLE_STRICT_OBJC_MSGSEND = YES;
				GCC_C_LANGUAGE_STANDARD = gnu99;
				GCC_NO_COMMON_BLOCKS = YES;
				GCC_WARN_64_TO_32_BIT_CONVERSION = YES;
				GCC_WARN_ABOUT_RETURN_TYPE = YES_ERROR;
				GCC_WARN_UNDECLARED_SELECTOR = YES;
				GCC_WARN_UNINITIALIZED_AUTOS = YES_AGGRESSIVE;
				GCC_WARN_UNUSED_FUNCTION = YES;
				GCC_WARN_UNUSED_VARIABLE = YES;
				IPHONEOS_DEPLOYMENT_TARGET = 9.2;
				MTL_ENABLE_DEBUG_INFO = NO;
				SDKROOT = iphoneos;
				VALIDATE_PRODUCT = YES;
			};
			name = Release;
		};
		9BA7497C1C9FEF5D0050FDCE /* Debug */ = {
			isa = XCBuildConfiguration;
			buildSettings = {
				ASSETCATALOG_COMPILER_APPICON_NAME = AppIcon;
				INFOPLIST_FILE = AppFoundationCodeSwift/Info.plist;
				LD_RUNPATH_SEARCH_PATHS = "$(inherited) @executable_path/Frameworks";
				PRODUCT_BUNDLE_IDENTIFIER = com.erickson.AppFoundationCodeSwift;
				PRODUCT_NAME = "$(TARGET_NAME)";
			};
			name = Debug;
		};
		9BA7497D1C9FEF5D0050FDCE /* Release */ = {
			isa = XCBuildConfiguration;
			buildSettings = {
				ASSETCATALOG_COMPILER_APPICON_NAME = AppIcon;
				INFOPLIST_FILE = AppFoundationCodeSwift/Info.plist;
				LD_RUNPATH_SEARCH_PATHS = "$(inherited) @executable_path/Frameworks";
				PRODUCT_BUNDLE_IDENTIFIER = com.erickson.AppFoundationCodeSwift;
				PRODUCT_NAME = "$(TARGET_NAME)";
			};
			name = Release;
		};
/* End XCBuildConfiguration section */

/* Begin XCConfigurationList section */
		9BA749641C9FEF5D0050FDCE /* Build configuration list for PBXProject "AppFoundationCodeSwift" */ = {
			isa = XCConfigurationList;
			buildConfigurations = (
				9BA749791C9FEF5D0050FDCE /* Debug */,
				9BA7497A1C9FEF5D0050FDCE /* Release */,
			);
			defaultConfigurationIsVisible = 0;
			defaultConfigurationName = Release;
		};
		9BA7497B1C9FEF5D0050FDCE /* Build configuration list for PBXNativeTarget "AppFoundationCodeSwift" */ = {
			isa = XCConfigurationList;
			buildConfigurations = (
				9BA7497C1C9FEF5D0050FDCE /* Debug */,
				9BA7497D1C9FEF5D0050FDCE /* Release */,
			);
			defaultConfigurationIsVisible = 0;
			defaultConfigurationName = Release;
		};
/* End XCConfigurationList section */
	};
	rootObject = 9BA749611C9FEF5D0050FDCE /* Project object */;
}
